
Microsoft Visual Studio Solution File, Format Version 12.00
# Visual Studio Version 17
VisualStudioVersion = 17.7.34031.279
MinimumVisualStudioVersion = 10.0.40219.1
Project("{8BC9CEB8-8B4A-11D0-8D11-00A0C91BC942}") = "Lab02_Bai02_HamTraVeGiaTri", "Lab02_Bai02_HamTraVeGiaTri\Lab02_Bai02_HamTraVeGiaTri.vcxproj", "{B42AC1D9-80F1-40F2-A3B0-7703A9DBCF79}"
EndProject
Global
	GlobalSection(SolutionConfigurationPlatforms) = preSolution
		Debug|x64 = Debug|x64
		Debug|x86 = Debug|x86
		Release|x64 = Release|x64
		Release|x86 = Release|x86
	EndGlobalSection
	GlobalSection(ProjectConfigurationPlatforms) = postSolution
		{B42AC1D9-80F1-40F2-A3B0-7703A9DBCF79}.Debug|x64.ActiveCfg = Debug|x64
		{B42AC1D9-80F1-40F2-A3B0-7703A9DBCF79}.Debug|x64.Build.0 = Debug|x64
		{B42AC1D9-80F1-40F2-A3B0-7703A9DBCF79}.Debug|x86.ActiveCfg = Debug|Win32
		{B42AC1D9-80F1-40F2-A3B0-7703A9DBCF79}.Debug|x86.Build.0 = Debug|Win32
		{B42AC1D9-80F1-40F2-A3B0-7703A9DBCF79}.Release|x64.ActiveCfg = Release|x64
		{B42AC1D9-80F1-40F2-A3B0-7703A9DBCF79}.Release|x64.Build.0 = Release|x64
		{B42AC1D9-80F1-40F2-A3B0-7703A9DBCF79}.Release|x86.ActiveCfg = Release|Win32
		{B42AC1D9-80F1-40F2-A3B0-7703A9DBCF79}.Release|x86.Build.0 = Release|Win32
	EndGlobalSection
	GlobalSection(SolutionProperties) = preSolution
		HideSolutionNode = FALSE
	EndGlobalSection
	GlobalSection(ExtensibilityGlobals) = postSolution
		SolutionGuid = {1F3D4877-45B4-4E8F-ABFC-2C891CE01BAD}
	EndGlobalSection
EndGlobal
