
Microsoft Visual Studio Solution File, Format Version 12.00
# Visual Studio Version 17
VisualStudioVersion = 17.7.34031.279
MinimumVisualStudioVersion = 10.0.40219.1
Project("{8BC9CEB8-8B4A-11D0-8D11-00A0C91BC942}") = "PhuongTrinhBacNhat1An", "2312585_PNHBo_Lab3PhanE\2312585_PNHBo_Lab3PhanE.vcxproj", "{E6FC6217-AFDF-4427-A1F9-AD39975AEA3B}"
EndProject
Project("{8BC9CEB8-8B4A-11D0-8D11-00A0C91BC942}") = "PhepToanHoc", "PhepToanHoc\PhepToanHoc.vcxproj", "{302980E5-4ED1-483B-87A4-7940A30E3949}"
EndProject
Project("{8BC9CEB8-8B4A-11D0-8D11-00A0C91BC942}") = "DoiCoSo", "DoiCoSo\DoiCoSo.vcxproj", "{900CD678-3563-40E2-A2E1-5C288EED8B03}"
EndProject
Project("{8BC9CEB8-8B4A-11D0-8D11-00A0C91BC942}") = "SoNguyen", "SoNguyen\SoNguyen.vcxproj", "{D2417109-1064-4E58-939A-878DD5958F49}"
EndProject
Project("{8BC9CEB8-8B4A-11D0-8D11-00A0C91BC942}") = "ChiSoKhoiCoThe", "ChiSoKhoiCoThe\ChiSoKhoiCoThe.vcxproj", "{82B49808-D8A4-42C9-B6FB-1C22698D9E39}"
EndProject
Project("{8BC9CEB8-8B4A-11D0-8D11-00A0C91BC942}") = "UocSo", "UocSo\UocSo.vcxproj", "{09F98245-D1BE-43F0-8EF2-891BEABF8B4D}"
EndProject
Project("{8BC9CEB8-8B4A-11D0-8D11-00A0C91BC942}") = "DaySo", "DaySo\DaySo.vcxproj", "{F295E853-F2C0-4812-94C0-A004EC15FE02}"
EndProject
Project("{8BC9CEB8-8B4A-11D0-8D11-00A0C91BC942}") = "CanBac2", "CanBac2\CanBac2.vcxproj", "{311739C1-D78D-45DE-AC8F-22B1DA97A043}"
EndProject
Project("{8BC9CEB8-8B4A-11D0-8D11-00A0C91BC942}") = "UocChung_BoiChung", "UocChung_BoiChung\UocChung_BoiChung.vcxproj", "{B40DC795-9334-4CA4-81F0-1C3E3DC4985D}"
EndProject
Project("{8BC9CEB8-8B4A-11D0-8D11-00A0C91BC942}") = "SoNguyenTo", "SoNguyenTo\SoNguyenTo.vcxproj", "{D63F5009-E9A9-4E85-901B-88284BC46027}"
EndProject
Global
	GlobalSection(SolutionConfigurationPlatforms) = preSolution
		Debug|x64 = Debug|x64
		Debug|x86 = Debug|x86
		Release|x64 = Release|x64
		Release|x86 = Release|x86
	EndGlobalSection
	GlobalSection(ProjectConfigurationPlatforms) = postSolution
		{E6FC6217-AFDF-4427-A1F9-AD39975AEA3B}.Debug|x64.ActiveCfg = Debug|x64
		{E6FC6217-AFDF-4427-A1F9-AD39975AEA3B}.Debug|x64.Build.0 = Debug|x64
		{E6FC6217-AFDF-4427-A1F9-AD39975AEA3B}.Debug|x86.ActiveCfg = Debug|Win32
		{E6FC6217-AFDF-4427-A1F9-AD39975AEA3B}.Debug|x86.Build.0 = Debug|Win32
		{E6FC6217-AFDF-4427-A1F9-AD39975AEA3B}.Release|x64.ActiveCfg = Release|x64
		{E6FC6217-AFDF-4427-A1F9-AD39975AEA3B}.Release|x64.Build.0 = Release|x64
		{E6FC6217-AFDF-4427-A1F9-AD39975AEA3B}.Release|x86.ActiveCfg = Release|Win32
		{E6FC6217-AFDF-4427-A1F9-AD39975AEA3B}.Release|x86.Build.0 = Release|Win32
		{302980E5-4ED1-483B-87A4-7940A30E3949}.Debug|x64.ActiveCfg = Debug|x64
		{302980E5-4ED1-483B-87A4-7940A30E3949}.Debug|x64.Build.0 = Debug|x64
		{302980E5-4ED1-483B-87A4-7940A30E3949}.Debug|x86.ActiveCfg = Debug|Win32
		{302980E5-4ED1-483B-87A4-7940A30E3949}.Debug|x86.Build.0 = Debug|Win32
		{302980E5-4ED1-483B-87A4-7940A30E3949}.Release|x64.ActiveCfg = Release|x64
		{302980E5-4ED1-483B-87A4-7940A30E3949}.Release|x64.Build.0 = Release|x64
		{302980E5-4ED1-483B-87A4-7940A30E3949}.Release|x86.ActiveCfg = Release|Win32
		{302980E5-4ED1-483B-87A4-7940A30E3949}.Release|x86.Build.0 = Release|Win32
		{900CD678-3563-40E2-A2E1-5C288EED8B03}.Debug|x64.ActiveCfg = Debug|x64
		{900CD678-3563-40E2-A2E1-5C288EED8B03}.Debug|x64.Build.0 = Debug|x64
		{900CD678-3563-40E2-A2E1-5C288EED8B03}.Debug|x86.ActiveCfg = Debug|Win32
		{900CD678-3563-40E2-A2E1-5C288EED8B03}.Debug|x86.Build.0 = Debug|Win32
		{900CD678-3563-40E2-A2E1-5C288EED8B03}.Release|x64.ActiveCfg = Release|x64
		{900CD678-3563-40E2-A2E1-5C288EED8B03}.Release|x64.Build.0 = Release|x64
		{900CD678-3563-40E2-A2E1-5C288EED8B03}.Release|x86.ActiveCfg = Release|Win32
		{900CD678-3563-40E2-A2E1-5C288EED8B03}.Release|x86.Build.0 = Release|Win32
		{D2417109-1064-4E58-939A-878DD5958F49}.Debug|x64.ActiveCfg = Debug|x64
		{D2417109-1064-4E58-939A-878DD5958F49}.Debug|x64.Build.0 = Debug|x64
		{D2417109-1064-4E58-939A-878DD5958F49}.Debug|x86.ActiveCfg = Debug|Win32
		{D2417109-1064-4E58-939A-878DD5958F49}.Debug|x86.Build.0 = Debug|Win32
		{D2417109-1064-4E58-939A-878DD5958F49}.Release|x64.ActiveCfg = Release|x64
		{D2417109-1064-4E58-939A-878DD5958F49}.Release|x64.Build.0 = Release|x64
		{D2417109-1064-4E58-939A-878DD5958F49}.Release|x86.ActiveCfg = Release|Win32
		{D2417109-1064-4E58-939A-878DD5958F49}.Release|x86.Build.0 = Release|Win32
		{82B49808-D8A4-42C9-B6FB-1C22698D9E39}.Debug|x64.ActiveCfg = Debug|x64
		{82B49808-D8A4-42C9-B6FB-1C22698D9E39}.Debug|x64.Build.0 = Debug|x64
		{82B49808-D8A4-42C9-B6FB-1C22698D9E39}.Debug|x86.ActiveCfg = Debug|Win32
		{82B49808-D8A4-42C9-B6FB-1C22698D9E39}.Debug|x86.Build.0 = Debug|Win32
		{82B49808-D8A4-42C9-B6FB-1C22698D9E39}.Release|x64.ActiveCfg = Release|x64
		{82B49808-D8A4-42C9-B6FB-1C22698D9E39}.Release|x64.Build.0 = Release|x64
		{82B49808-D8A4-42C9-B6FB-1C22698D9E39}.Release|x86.ActiveCfg = Release|Win32
		{82B49808-D8A4-42C9-B6FB-1C22698D9E39}.Release|x86.Build.0 = Release|Win32
		{09F98245-D1BE-43F0-8EF2-891BEABF8B4D}.Debug|x64.ActiveCfg = Debug|x64
		{09F98245-D1BE-43F0-8EF2-891BEABF8B4D}.Debug|x64.Build.0 = Debug|x64
		{09F98245-D1BE-43F0-8EF2-891BEABF8B4D}.Debug|x86.ActiveCfg = Debug|Win32
		{09F98245-D1BE-43F0-8EF2-891BEABF8B4D}.Debug|x86.Build.0 = Debug|Win32
		{09F98245-D1BE-43F0-8EF2-891BEABF8B4D}.Release|x64.ActiveCfg = Release|x64
		{09F98245-D1BE-43F0-8EF2-891BEABF8B4D}.Release|x64.Build.0 = Release|x64
		{09F98245-D1BE-43F0-8EF2-891BEABF8B4D}.Release|x86.ActiveCfg = Release|Win32
		{09F98245-D1BE-43F0-8EF2-891BEABF8B4D}.Release|x86.Build.0 = Release|Win32
		{F295E853-F2C0-4812-94C0-A004EC15FE02}.Debug|x64.ActiveCfg = Debug|x64
		{F295E853-F2C0-4812-94C0-A004EC15FE02}.Debug|x64.Build.0 = Debug|x64
		{F295E853-F2C0-4812-94C0-A004EC15FE02}.Debug|x86.ActiveCfg = Debug|Win32
		{F295E853-F2C0-4812-94C0-A004EC15FE02}.Debug|x86.Build.0 = Debug|Win32
		{F295E853-F2C0-4812-94C0-A004EC15FE02}.Release|x64.ActiveCfg = Release|x64
		{F295E853-F2C0-4812-94C0-A004EC15FE02}.Release|x64.Build.0 = Release|x64
		{F295E853-F2C0-4812-94C0-A004EC15FE02}.Release|x86.ActiveCfg = Release|Win32
		{F295E853-F2C0-4812-94C0-A004EC15FE02}.Release|x86.Build.0 = Release|Win32
		{311739C1-D78D-45DE-AC8F-22B1DA97A043}.Debug|x64.ActiveCfg = Debug|x64
		{311739C1-D78D-45DE-AC8F-22B1DA97A043}.Debug|x64.Build.0 = Debug|x64
		{311739C1-D78D-45DE-AC8F-22B1DA97A043}.Debug|x86.ActiveCfg = Debug|Win32
		{311739C1-D78D-45DE-AC8F-22B1DA97A043}.Debug|x86.Build.0 = Debug|Win32
		{311739C1-D78D-45DE-AC8F-22B1DA97A043}.Release|x64.ActiveCfg = Release|x64
		{311739C1-D78D-45DE-AC8F-22B1DA97A043}.Release|x64.Build.0 = Release|x64
		{311739C1-D78D-45DE-AC8F-22B1DA97A043}.Release|x86.ActiveCfg = Release|Win32
		{311739C1-D78D-45DE-AC8F-22B1DA97A043}.Release|x86.Build.0 = Release|Win32
		{B40DC795-9334-4CA4-81F0-1C3E3DC4985D}.Debug|x64.ActiveCfg = Debug|x64
		{B40DC795-9334-4CA4-81F0-1C3E3DC4985D}.Debug|x64.Build.0 = Debug|x64
		{B40DC795-9334-4CA4-81F0-1C3E3DC4985D}.Debug|x86.ActiveCfg = Debug|Win32
		{B40DC795-9334-4CA4-81F0-1C3E3DC4985D}.Debug|x86.Build.0 = Debug|Win32
		{B40DC795-9334-4CA4-81F0-1C3E3DC4985D}.Release|x64.ActiveCfg = Release|x64
		{B40DC795-9334-4CA4-81F0-1C3E3DC4985D}.Release|x64.Build.0 = Release|x64
		{B40DC795-9334-4CA4-81F0-1C3E3DC4985D}.Release|x86.ActiveCfg = Release|Win32
		{B40DC795-9334-4CA4-81F0-1C3E3DC4985D}.Release|x86.Build.0 = Release|Win32
		{D63F5009-E9A9-4E85-901B-88284BC46027}.Debug|x64.ActiveCfg = Debug|x64
		{D63F5009-E9A9-4E85-901B-88284BC46027}.Debug|x64.Build.0 = Debug|x64
		{D63F5009-E9A9-4E85-901B-88284BC46027}.Debug|x86.ActiveCfg = Debug|Win32
		{D63F5009-E9A9-4E85-901B-88284BC46027}.Debug|x86.Build.0 = Debug|Win32
		{D63F5009-E9A9-4E85-901B-88284BC46027}.Release|x64.ActiveCfg = Release|x64
		{D63F5009-E9A9-4E85-901B-88284BC46027}.Release|x64.Build.0 = Release|x64
		{D63F5009-E9A9-4E85-901B-88284BC46027}.Release|x86.ActiveCfg = Release|Win32
		{D63F5009-E9A9-4E85-901B-88284BC46027}.Release|x86.Build.0 = Release|Win32
	EndGlobalSection
	GlobalSection(SolutionProperties) = preSolution
		HideSolutionNode = FALSE
	EndGlobalSection
	GlobalSection(ExtensibilityGlobals) = postSolution
		SolutionGuid = {4A14C658-9E91-447C-BD14-4C9119B27207}
	EndGlobalSection
EndGlobal
